
Microsoft Visual Studio Solution File, Format Version 12.00
# Visual Studio 15
VisualStudioVersion = 15.0.28307.271
MinimumVisualStudioVersion = 10.0.40219.1
Project("{FAE04EC0-301F-11D3-BF4B-00C04F79EFBC}") = "Mantis-Tests", "Mantis-Tests\Mantis-Tests.csproj", "{3CC5CA22-ABC8-4F45-8E30-435688B653D6}"
EndProject
Global
	GlobalSection(SolutionConfigurationPlatforms) = preSolution
		Debug|Any CPU = Debug|Any CPU
		Release|Any CPU = Release|Any CPU
	EndGlobalSection
	GlobalSection(ProjectConfigurationPlatforms) = postSolution
		{3CC5CA22-ABC8-4F45-8E30-435688B653D6}.Debug|Any CPU.ActiveCfg = Debug|Any CPU
		{3CC5CA22-ABC8-4F45-8E30-435688B653D6}.Debug|Any CPU.Build.0 = Debug|Any CPU
		{3CC5CA22-ABC8-4F45-8E30-435688B653D6}.Release|Any CPU.ActiveCfg = Release|Any CPU
		{3CC5CA22-ABC8-4F45-8E30-435688B653D6}.Release|Any CPU.Build.0 = Release|Any CPU
	EndGlobalSection
	GlobalSection(SolutionProperties) = preSolution
		HideSolutionNode = FALSE
	EndGlobalSection
	GlobalSection(ExtensibilityGlobals) = postSolution
		SolutionGuid = {46DF427E-17D7-4057-B88B-CD14CEE8D50E}
	EndGlobalSection
EndGlobal
